
Microsoft Visual Studio Solution File, Format Version 12.00
# Visual Studio Version 17
VisualStudioVersion = 17.14.36616.10 d17.14
MinimumVisualStudioVersion = 10.0.40219.1
Project("{FAE04EC0-301F-11D3-BF4B-00C04F79EFBC}") = "3dAnimation", "3dAnimation.csproj", "{1F33570D-B225-426C-8B9A-809BBA50AC32}"
EndProject
Global
	GlobalSection(SolutionConfigurationPlatforms) = preSolution
		Debug|Any CPU = Debug|Any CPU
		Release|Any CPU = Release|Any CPU
	EndGlobalSection
	GlobalSection(ProjectConfigurationPlatforms) = postSolution
		{1F33570D-B225-426C-8B9A-809BBA50AC32}.Debug|Any CPU.ActiveCfg = Debug|Any CPU
		{1F33570D-B225-426C-8B9A-809BBA50AC32}.Debug|Any CPU.Build.0 = Debug|Any CPU
		{1F33570D-B225-426C-8B9A-809BBA50AC32}.Release|Any CPU.ActiveCfg = Release|Any CPU
		{1F33570D-B225-426C-8B9A-809BBA50AC32}.Release|Any CPU.Build.0 = Release|Any CPU
	EndGlobalSection
	GlobalSection(SolutionProperties) = preSolution
		HideSolutionNode = FALSE
	EndGlobalSection
	GlobalSection(ExtensibilityGlobals) = postSolution
		SolutionGuid = {CF442B39-C938-42E7-9734-96D73436E752}
	EndGlobalSection
EndGlobal
